
Microsoft Visual Studio Solution File, Format Version 12.00
# Visual Studio 15
VisualStudioVersion = 15.0.28307.960
MinimumVisualStudioVersion = 10.0.40219.1
Project("{FAE04EC0-301F-11D3-BF4B-00C04F79EFBC}") = "矩阵运算", "矩阵运算\矩阵运算.csproj", "{639725AB-838C-42FD-9E58-3B5E90EEDC7E}"
EndProject
Global
	GlobalSection(SolutionConfigurationPlatforms) = preSolution
		Debug|Any CPU = Debug|Any CPU
		Release|Any CPU = Release|Any CPU
	EndGlobalSection
	GlobalSection(ProjectConfigurationPlatforms) = postSolution
		{639725AB-838C-42FD-9E58-3B5E90EEDC7E}.Debug|Any CPU.ActiveCfg = Debug|Any CPU
		{639725AB-838C-42FD-9E58-3B5E90EEDC7E}.Debug|Any CPU.Build.0 = Debug|Any CPU
		{639725AB-838C-42FD-9E58-3B5E90EEDC7E}.Release|Any CPU.ActiveCfg = Release|Any CPU
		{639725AB-838C-42FD-9E58-3B5E90EEDC7E}.Release|Any CPU.Build.0 = Release|Any CPU
	EndGlobalSection
	GlobalSection(SolutionProperties) = preSolution
		HideSolutionNode = FALSE
	EndGlobalSection
	GlobalSection(ExtensibilityGlobals) = postSolution
		SolutionGuid = {E3676532-6961-4BB2-B334-EFD0049BE4B5}
	EndGlobalSection
EndGlobal
