
Microsoft Visual Studio Solution File, Format Version 12.00
# Visual Studio Version 16
VisualStudioVersion = 16.0.29806.167
MinimumVisualStudioVersion = 10.0.40219.1
Project("{FAE04EC0-301F-11D3-BF4B-00C04F79EFBC}") = "EncodingExercise", "EncodingExercise.csproj", "{BC53C5D4-403A-42FC-A4B1-D35006DCE683}"
EndProject
Global
	GlobalSection(SolutionConfigurationPlatforms) = preSolution
		Debug|Any CPU = Debug|Any CPU
		Release|Any CPU = Release|Any CPU
	EndGlobalSection
	GlobalSection(ProjectConfigurationPlatforms) = postSolution
		{BC53C5D4-403A-42FC-A4B1-D35006DCE683}.Debug|Any CPU.ActiveCfg = Debug|Any CPU
		{BC53C5D4-403A-42FC-A4B1-D35006DCE683}.Debug|Any CPU.Build.0 = Debug|Any CPU
		{BC53C5D4-403A-42FC-A4B1-D35006DCE683}.Release|Any CPU.ActiveCfg = Release|Any CPU
		{BC53C5D4-403A-42FC-A4B1-D35006DCE683}.Release|Any CPU.Build.0 = Release|Any CPU
	EndGlobalSection
	GlobalSection(SolutionProperties) = preSolution
		HideSolutionNode = FALSE
	EndGlobalSection
	GlobalSection(ExtensibilityGlobals) = postSolution
		SolutionGuid = {A7883D32-090A-4C9C-A5A9-4F02765D1EC6}
	EndGlobalSection
EndGlobal
